
Microsoft Visual Studio Solution File, Format Version 12.00
# Visual Studio 2012
Project("{FAE04EC0-301F-11D3-BF4B-00C04F79EFBC}") = "WinAzureUploader", "WinAzureUploader\WinAzureUploader.csproj", "{DADBB01B-4356-4C52-83BA-3B7B8081C15E}"
EndProject
Project("{FAE04EC0-301F-11D3-BF4B-00C04F79EFBC}") = "Datos", "Datos\Datos.csproj", "{1B104735-AC5E-4142-9394-8251685C7A62}"
EndProject
Project("{FAE04EC0-301F-11D3-BF4B-00C04F79EFBC}") = "Logica", "Logica\Logica.csproj", "{9385690D-7055-4802-89EC-DEF906490E0B}"
EndProject
Global
	GlobalSection(SolutionConfigurationPlatforms) = preSolution
		Debug|Any CPU = Debug|Any CPU
		Release|Any CPU = Release|Any CPU
	EndGlobalSection
	GlobalSection(ProjectConfigurationPlatforms) = postSolution
		{DADBB01B-4356-4C52-83BA-3B7B8081C15E}.Debug|Any CPU.ActiveCfg = Debug|Any CPU
		{DADBB01B-4356-4C52-83BA-3B7B8081C15E}.Debug|Any CPU.Build.0 = Debug|Any CPU
		{DADBB01B-4356-4C52-83BA-3B7B8081C15E}.Release|Any CPU.ActiveCfg = Release|Any CPU
		{DADBB01B-4356-4C52-83BA-3B7B8081C15E}.Release|Any CPU.Build.0 = Release|Any CPU
		{1B104735-AC5E-4142-9394-8251685C7A62}.Debug|Any CPU.ActiveCfg = Debug|Any CPU
		{1B104735-AC5E-4142-9394-8251685C7A62}.Debug|Any CPU.Build.0 = Debug|Any CPU
		{1B104735-AC5E-4142-9394-8251685C7A62}.Release|Any CPU.ActiveCfg = Release|Any CPU
		{1B104735-AC5E-4142-9394-8251685C7A62}.Release|Any CPU.Build.0 = Release|Any CPU
		{9385690D-7055-4802-89EC-DEF906490E0B}.Debug|Any CPU.ActiveCfg = Debug|Any CPU
		{9385690D-7055-4802-89EC-DEF906490E0B}.Debug|Any CPU.Build.0 = Debug|Any CPU
		{9385690D-7055-4802-89EC-DEF906490E0B}.Release|Any CPU.ActiveCfg = Release|Any CPU
		{9385690D-7055-4802-89EC-DEF906490E0B}.Release|Any CPU.Build.0 = Release|Any CPU
	EndGlobalSection
	GlobalSection(SolutionProperties) = preSolution
		HideSolutionNode = FALSE
	EndGlobalSection
EndGlobal
